# THIS IS AN AUTOGENERATED FILE. DO NOT EDIT THIS FILE DIRECTLY.
# yarn lockfile v1


is-wsl@^1.1.0:
  version "1.1.0"
  resolved "https://registry.yarnpkg.com/is-wsl/-/is-wsl-1.1.0.tgz#1f16e4aa22b04d1336b66188a66af3c600c3a66d"
  integrity sha1-HxbkqiKwTRM2tmGIpmrzxgDDpm0=

open@^6.2.0:
  version "6.2.0"
  resolved "https://registry.yarnpkg.com/open/-/open-6.2.0.tgz#7cf92cb961b5d8498b071e64098bf5e27f57230c"
  integrity sha512-Vxf6HJkwrqmvh9UAID3MnMYXntbTxKLOSfOnO7LJdzPf3NE3KQYFNV0/Lcz2VAndbRFil58XVCyh8tiX11fiYw==
  dependencies:
    is-wsl "^1.1.0"
